
Microsoft Visual Studio Solution File, Format Version 12.00
# Visual Studio 15
VisualStudioVersion = 15.0.26608.5
MinimumVisualStudioVersion = 10.0.40219.1
Project("{9A19103F-16F7-4668-BE54-9A1E7A4F7556}") = "Website", "Website\Website.csproj", "{739EB581-5B0B-4EEF-AC11-5C60F53D85D2}"
EndProject
Project("{9A19103F-16F7-4668-BE54-9A1E7A4F7556}") = "ViewModels", "ViewModels\ViewModels.csproj", "{4B2BE3F3-568E-40BC-9736-07C7079C7422}"
EndProject
Project("{9A19103F-16F7-4668-BE54-9A1E7A4F7556}") = "DataAccess", "DataAccess\DataAccess.csproj", "{6083097E-FB85-4084-B085-7C20B6ED1472}"
EndProject
Project("{9A19103F-16F7-4668-BE54-9A1E7A4F7556}") = "Domain", "Domain\Domain.csproj", "{5769C591-9BAC-4A5D-A037-F978AAB2ECEF}"
EndProject
Project("{9A19103F-16F7-4668-BE54-9A1E7A4F7556}") = "Application", "Application\Application.csproj", "{C426BC35-1E37-421F-AE44-D54D620D9DD4}"
EndProject
Project("{2150E333-8FDC-42A3-9474-1A3956D46DE8}") = "Tests", "Tests", "{92EFEFDA-165F-4D23-A0FA-E451F3A25662}"
EndProject
Project("{9A19103F-16F7-4668-BE54-9A1E7A4F7556}") = "Application.Tests", "Application.Tests\Application.Tests.csproj", "{B73799C5-AF60-424E-BE66-4073767B12E3}"
EndProject
Project("{9A19103F-16F7-4668-BE54-9A1E7A4F7556}") = "TestLibrary", "TestLibrary\TestLibrary.csproj", "{066652ED-6644-4EE0-B737-782C89FD37A2}"
EndProject
Global
	GlobalSection(SolutionConfigurationPlatforms) = preSolution
		Debug|Any CPU = Debug|Any CPU
		Release|Any CPU = Release|Any CPU
	EndGlobalSection
	GlobalSection(ProjectConfigurationPlatforms) = postSolution
		{739EB581-5B0B-4EEF-AC11-5C60F53D85D2}.Debug|Any CPU.ActiveCfg = Debug|Any CPU
		{739EB581-5B0B-4EEF-AC11-5C60F53D85D2}.Debug|Any CPU.Build.0 = Debug|Any CPU
		{739EB581-5B0B-4EEF-AC11-5C60F53D85D2}.Release|Any CPU.ActiveCfg = Release|Any CPU
		{739EB581-5B0B-4EEF-AC11-5C60F53D85D2}.Release|Any CPU.Build.0 = Release|Any CPU
		{4B2BE3F3-568E-40BC-9736-07C7079C7422}.Debug|Any CPU.ActiveCfg = Debug|Any CPU
		{4B2BE3F3-568E-40BC-9736-07C7079C7422}.Debug|Any CPU.Build.0 = Debug|Any CPU
		{4B2BE3F3-568E-40BC-9736-07C7079C7422}.Release|Any CPU.ActiveCfg = Release|Any CPU
		{4B2BE3F3-568E-40BC-9736-07C7079C7422}.Release|Any CPU.Build.0 = Release|Any CPU
		{6083097E-FB85-4084-B085-7C20B6ED1472}.Debug|Any CPU.ActiveCfg = Debug|Any CPU
		{6083097E-FB85-4084-B085-7C20B6ED1472}.Debug|Any CPU.Build.0 = Debug|Any CPU
		{6083097E-FB85-4084-B085-7C20B6ED1472}.Release|Any CPU.ActiveCfg = Release|Any CPU
		{6083097E-FB85-4084-B085-7C20B6ED1472}.Release|Any CPU.Build.0 = Release|Any CPU
		{5769C591-9BAC-4A5D-A037-F978AAB2ECEF}.Debug|Any CPU.ActiveCfg = Debug|Any CPU
		{5769C591-9BAC-4A5D-A037-F978AAB2ECEF}.Debug|Any CPU.Build.0 = Debug|Any CPU
		{5769C591-9BAC-4A5D-A037-F978AAB2ECEF}.Release|Any CPU.ActiveCfg = Release|Any CPU
		{5769C591-9BAC-4A5D-A037-F978AAB2ECEF}.Release|Any CPU.Build.0 = Release|Any CPU
		{C426BC35-1E37-421F-AE44-D54D620D9DD4}.Debug|Any CPU.ActiveCfg = Debug|Any CPU
		{C426BC35-1E37-421F-AE44-D54D620D9DD4}.Debug|Any CPU.Build.0 = Debug|Any CPU
		{C426BC35-1E37-421F-AE44-D54D620D9DD4}.Release|Any CPU.ActiveCfg = Release|Any CPU
		{C426BC35-1E37-421F-AE44-D54D620D9DD4}.Release|Any CPU.Build.0 = Release|Any CPU
		{B73799C5-AF60-424E-BE66-4073767B12E3}.Debug|Any CPU.ActiveCfg = Debug|Any CPU
		{B73799C5-AF60-424E-BE66-4073767B12E3}.Debug|Any CPU.Build.0 = Debug|Any CPU
		{B73799C5-AF60-424E-BE66-4073767B12E3}.Release|Any CPU.ActiveCfg = Release|Any CPU
		{B73799C5-AF60-424E-BE66-4073767B12E3}.Release|Any CPU.Build.0 = Release|Any CPU
		{066652ED-6644-4EE0-B737-782C89FD37A2}.Debug|Any CPU.ActiveCfg = Debug|Any CPU
		{066652ED-6644-4EE0-B737-782C89FD37A2}.Debug|Any CPU.Build.0 = Debug|Any CPU
		{066652ED-6644-4EE0-B737-782C89FD37A2}.Release|Any CPU.ActiveCfg = Release|Any CPU
		{066652ED-6644-4EE0-B737-782C89FD37A2}.Release|Any CPU.Build.0 = Release|Any CPU
	EndGlobalSection
	GlobalSection(SolutionProperties) = preSolution
		HideSolutionNode = FALSE
	EndGlobalSection
	GlobalSection(NestedProjects) = preSolution
		{B73799C5-AF60-424E-BE66-4073767B12E3} = {92EFEFDA-165F-4D23-A0FA-E451F3A25662}
		{066652ED-6644-4EE0-B737-782C89FD37A2} = {92EFEFDA-165F-4D23-A0FA-E451F3A25662}
	EndGlobalSection
EndGlobal
